// !$*UTF8*$!
{
	archiveVersion = 1;
	classes = {
	};
	objectVersion = 46;
	objects = {

/* Begin PBXBuildFile section */
		D1F659B21BA2C3A9008BF95A /* main.cpp in Sources */ = {isa = PBXBuildFile; fileRef = D1F659B11BA2C3A9008BF95A /* main.cpp */; };
/* End PBXBuildFile section */

/* Begin PBXCopyFilesBuildPhase section */
		D1F659AC1BA2C3A9008BF95A /* CopyFiles */ = {
			isa = PBXCopyFilesBuildPhase;
			buildActionMask = 2147483647;
			dstPath = /usr/share/man/man1/;
			dstSubfolderSpec = 0;
			files = (
			);
			runOnlyForDeploymentPostprocessing = 1;
		};
/* End PBXCopyFilesBuildPhase section */

/* Begin PBXFileReference section */
		D1F659AE1BA2C3A9008BF95A /* chordGen */ = {isa = PBXFileReference; explicitFileType = "compiled.mach-o.executable"; includeInIndex = 0; path = chordGen; sourceTree = BUILT_PRODUCTS_DIR; };
		D1F659B11BA2C3A9008BF95A /* main.cpp */ = {isa = PBXFileReference; lastKnownFileType = sourcecode.cpp.cpp; path = main.cpp; sourceTree = "<group>"; };
		D1F659B81BA2C652008BF95A /* attributes.h */ = {isa = PBXFileReference; fileEncoding = 4; lastKnownFileType = sourcecode.c.h; path = attributes.h; sourceTree = "<group>"; };
/* End PBXFileReference section */

/* Begin PBXFrameworksBuildPhase section */
		D1F659AB1BA2C3A9008BF95A /* Frameworks */ = {
			isa = PBXFrameworksBuildPhase;
			buildActionMask = 2147483647;
			files = (
			);
			runOnlyForDeploymentPostprocessing = 0;
		};
/* End PBXFrameworksBuildPhase section */

/* Begin PBXGroup section */
		D1F659A51BA2C3A9008BF95A = {
			isa = PBXGroup;
			children = (
				D1F659B01BA2C3A9008BF95A /* chordGen */,
				D1F659AF1BA2C3A9008BF95A /* Products */,
			);
			sourceTree = "<group>";
		};
		D1F659AF1BA2C3A9008BF95A /* Products */ = {
			isa = PBXGroup;
			children = (
				D1F659AE1BA2C3A9008BF95A /* chordGen */,
			);
			name = Products;
			sourceTree = "<group>";
		};
		D1F659B01BA2C3A9008BF95A /* chordGen */ = {
			isa = PBXGroup;
			children = (
				D1F659B11BA2C3A9008BF95A /* main.cpp */,
				D1F659B81BA2C652008BF95A /* attributes.h */,
			);
			path = chordGen;
			sourceTree = "<group>";
		};
/* End PBXGroup section */

/* Begin PBXNativeTarget section */
		D1F659AD1BA2C3A9008BF95A /* chordGen */ = {
			isa = PBXNativeTarget;
			buildConfigurationList = D1F659B51BA2C3A9008BF95A /* Build configuration list for PBXNativeTarget "chordGen" */;
			buildPhases = (
				D1F659AA1BA2C3A9008BF95A /* Sources */,
				D1F659AB1BA2C3A9008BF95A /* Frameworks */,
				D1F659AC1BA2C3A9008BF95A /* CopyFiles */,
			);
			buildRules = (
			);
			dependencies = (
			);
			name = chordGen;
			productName = chordGen;
			productReference = D1F659AE1BA2C3A9008BF95A /* chordGen */;
			productType = "com.apple.product-type.tool";
		};
/* End PBXNativeTarget section */

/* Begin PBXProject section */
		D1F659A61BA2C3A9008BF95A /* Project object */ = {
			isa = PBXProject;
			attributes = {
				LastUpgradeCheck = 0640;
				ORGANIZATIONNAME = Nicholas;
				TargetAttributes = {
					D1F659AD1BA2C3A9008BF95A = {
						CreatedOnToolsVersion = 6.4;
					};
				};
			};
			buildConfigurationList = D1F659A91BA2C3A9008BF95A /* Build configuration list for PBXProject "chordGen" */;
			compatibilityVersion = "Xcode 3.2";
			developmentRegion = English;
			hasScannedForEncodings = 0;
			knownRegions = (
				en,
			);
			mainGroup = D1F659A51BA2C3A9008BF95A;
			productRefGroup = D1F659AF1BA2C3A9008BF95A /* Products */;
			projectDirPath = "";
			projectRoot = "";
			targets = (
				D1F659AD1BA2C3A9008BF95A /* chordGen */,
			);
		};
/* End PBXProject section */

/* Begin PBXSourcesBuildPhase section */
		D1F659AA1BA2C3A9008BF95A /* Sources */ = {
			isa = PBXSourcesBuildPhase;
			buildActionMask = 2147483647;
			files = (
				D1F659B21BA2C3A9008BF95A /* main.cpp in Sources */,
			);
			runOnlyForDeploymentPostprocessing = 0;
		};
/* End PBXSourcesBuildPhase section */

/* Begin XCBuildConfiguration section */
		D1F659B31BA2C3A9008BF95A /* Debug */ = {
			isa = XCBuildConfiguration;
			buildSettings = {
				ALWAYS_SEARCH_USER_PATHS = NO;
				CLANG_CXX_LANGUAGE_STANDARD = "gnu++0x";
				CLANG_CXX_LIBRARY = "libc++";
				CLANG_ENABLE_MODULES = YES;
				CLANG_ENABLE_OBJC_ARC = YES;
				CLANG_WARN_BOOL_CONVERSION = YES;
				CLANG_WARN_CONSTANT_CONVERSION = YES;
				CLANG_WARN_DIRECT_OBJC_ISA_USAGE = YES_ERROR;
				CLANG_WARN_EMPTY_BODY = YES;
				CLANG_WARN_ENUM_CONVERSION = YES;
				CLANG_WARN_INT_CONVERSION = YES;
				CLANG_WARN_OBJC_ROOT_CLASS = YES_ERROR;
				CLANG_WARN_UNREACHABLE_CODE = YES;
				CLANG_WARN__DUPLICATE_METHOD_MATCH = YES;
				COPY_PHASE_STRIP = NO;
				DEBUG_INFORMATION_FORMAT = dwarf;
				ENABLE_STRICT_OBJC_MSGSEND = YES;
				GCC_C_LANGUAGE_STANDARD = gnu99;
				GCC_DYNAMIC_NO_PIC = NO;
				GCC_NO_COMMON_BLOCKS = YES;
				GCC_OPTIMIZATION_LEVEL = 0;
				GCC_PREPROCESSOR_DEFINITIONS = (
					"DEBUG=1",
					"$(inherited)",
				);
				GCC_SYMBOLS_PRIVATE_EXTERN = NO;
				GCC_WARN_64_TO_32_BIT_CONVERSION = YES;
				GCC_WARN_ABOUT_RETURN_TYPE = YES_ERROR;
				GCC_WARN_UNDECLARED_SELECTOR = YES;
				GCC_WARN_UNINITIALIZED_AUTOS = YES_AGGRESSIVE;
				GCC_WARN_UNUSED_FUNCTION = YES;
				GCC_WARN_UNUSED_VARIABLE = YES;
				MACOSX_DEPLOYMENT_TARGET = 10.10;
				MTL_ENABLE_DEBUG_INFO = YES;
				ONLY_ACTIVE_ARCH = YES;
				SDKROOT = macosx;
			};
			name = Debug;
		};
		D1F659B41BA2C3A9008BF95A /* Release */ = {
			isa = XCBuildConfiguration;
			buildSettings = {
				ALWAYS_SEARCH_USER_PATHS = NO;
				CLANG_CXX_LANGUAGE_STANDARD = "gnu++0x";
				CLANG_CXX_LIBRARY = "libc++";
				CLANG_ENABLE_MODULES = YES;
				CLANG_ENABLE_OBJC_ARC = YES;
				CLANG_WARN_BOOL_CONVERSION = YES;
				CLANG_WARN_CONSTANT_CONVERSION = YES;
				CLANG_WARN_DIRECT_OBJC_ISA_USAGE = YES_ERROR;
				CLANG_WARN_EMPTY_BODY = YES;
				CLANG_WARN_ENUM_CONVERSION = YES;
				CLANG_WARN_INT_CONVERSION = YES;
				CLANG_WARN_OBJC_ROOT_CLASS = YES_ERROR;
				CLANG_WARN_UNREACHABLE_CODE = YES;
				CLANG_WARN__DUPLICATE_METHOD_MATCH = YES;
				COPY_PHASE_STRIP = NO;
				DEBUG_INFORMATION_FORMAT = "dwarf-with-dsym";
				ENABLE_NS_ASSERTIONS = NO;
				ENABLE_STRICT_OBJC_MSGSEND = YES;
				GCC_C_LANGUAGE_STANDARD = gnu99;
				GCC_NO_COMMON_BLOCKS = YES;
				GCC_WARN_64_TO_32_BIT_CONVERSION = YES;
				GCC_WARN_ABOUT_RETURN_TYPE = YES_ERROR;
				GCC_WARN_UNDECLARED_SELECTOR = YES;
				GCC_WARN_UNINITIALIZED_AUTOS = YES_AGGRESSIVE;
				GCC_WARN_UNUSED_FUNCTION = YES;
				GCC_WARN_UNUSED_VARIABLE = YES;
				MACOSX_DEPLOYMENT_TARGET = 10.10;
				MTL_ENABLE_DEBUG_INFO = NO;
				SDKROOT = macosx;
			};
			name = Release;
		};
		D1F659B61BA2C3A9008BF95A /* Debug */ = {
			isa = XCBuildConfiguration;
			buildSettings = {
				BUILD_VARIANTS = normal;
				GCC_VERSION = "";
				ONLY_ACTIVE_ARCH = YES;
				PRODUCT_NAME = "$(TARGET_NAME)";
			};
			name = Debug;
		};
		D1F659B71BA2C3A9008BF95A /* Release */ = {
			isa = XCBuildConfiguration;
			buildSettings = {
				BUILD_VARIANTS = normal;
				GCC_VERSION = "";
				ONLY_ACTIVE_ARCH = YES;
				PRODUCT_NAME = "$(TARGET_NAME)";
			};
			name = Release;
		};
/* End XCBuildConfiguration section */

/* Begin XCConfigurationList section */
		D1F659A91BA2C3A9008BF95A /* Build configuration list for PBXProject "chordGen" */ = {
			isa = XCConfigurationList;
			buildConfigurations = (
				D1F659B31BA2C3A9008BF95A /* Debug */,
				D1F659B41BA2C3A9008BF95A /* Release */,
			);
			defaultConfigurationIsVisible = 0;
			defaultConfigurationName = Release;
		};
		D1F659B51BA2C3A9008BF95A /* Build configuration list for PBXNativeTarget "chordGen" */ = {
			isa = XCConfigurationList;
			buildConfigurations = (
				D1F659B61BA2C3A9008BF95A /* Debug */,
				D1F659B71BA2C3A9008BF95A /* Release */,
			);
			defaultConfigurationIsVisible = 0;
			defaultConfigurationName = Release;
		};
/* End XCConfigurationList section */
	};
	rootObject = D1F659A61BA2C3A9008BF95A /* Project object */;
}
